
Microsoft Visual Studio Solution File, Format Version 12.00
# Visual Studio 2012
Project("{FAE04EC0-301F-11D3-BF4B-00C04F79EFBC}") = "PersonService", "PersonService\PersonService.csproj", "{FD84CE5F-A766-4BBF-869A-CF8A1300C3D1}"
EndProject
Project("{FAE04EC0-301F-11D3-BF4B-00C04F79EFBC}") = "Client", "Client\Client.csproj", "{693C93E0-64ED-4912-9C31-9B875B6B5A55}"
EndProject
Global
	GlobalSection(SolutionConfigurationPlatforms) = preSolution
		Debug|Any CPU = Debug|Any CPU
		Release|Any CPU = Release|Any CPU
	EndGlobalSection
	GlobalSection(ProjectConfigurationPlatforms) = postSolution
		{FD84CE5F-A766-4BBF-869A-CF8A1300C3D1}.Debug|Any CPU.ActiveCfg = Debug|Any CPU
		{FD84CE5F-A766-4BBF-869A-CF8A1300C3D1}.Debug|Any CPU.Build.0 = Debug|Any CPU
		{FD84CE5F-A766-4BBF-869A-CF8A1300C3D1}.Release|Any CPU.ActiveCfg = Release|Any CPU
		{FD84CE5F-A766-4BBF-869A-CF8A1300C3D1}.Release|Any CPU.Build.0 = Release|Any CPU
		{693C93E0-64ED-4912-9C31-9B875B6B5A55}.Debug|Any CPU.ActiveCfg = Debug|Any CPU
		{693C93E0-64ED-4912-9C31-9B875B6B5A55}.Debug|Any CPU.Build.0 = Debug|Any CPU
		{693C93E0-64ED-4912-9C31-9B875B6B5A55}.Release|Any CPU.ActiveCfg = Release|Any CPU
		{693C93E0-64ED-4912-9C31-9B875B6B5A55}.Release|Any CPU.Build.0 = Release|Any CPU
	EndGlobalSection
	GlobalSection(SolutionProperties) = preSolution
		HideSolutionNode = FALSE
	EndGlobalSection
EndGlobal
